{
  "requires": true,
  "lockfileVersion": 1,
  "dependencies": {
    "hammerjs": {
      "version": "2.0.8",
      "resolved": "https://registry.npmjs.org/hammerjs/-/hammerjs-2.0.8.tgz",
      "integrity": "sha1-BO93hiz/K7edMPdpIJWTAiK/YPE="
    },
    "ngx-bootstrap": {
      "version": "3.0.1",
      "resolved": "https://registry.npmjs.org/ngx-bootstrap/-/ngx-bootstrap-3.0.1.tgz",
      "integrity": "sha512-ni91yYtn8ldgf/pxrlwl9lkVcLURGzopSpJnEbbgG1v1EZWTobI8y7J3mx4Kxptkn0EeiQwnLel67G7XJSox4A=="
    },
    "ngx-gallery": {
      "version": "5.10.0",
      "resolved": "https://registry.npmjs.org/ngx-gallery/-/ngx-gallery-5.10.0.tgz",
      "integrity": "sha512-+2DnsBfkIzNQoReOHf6+OMf06+qyQQMyVVN4iQAtL0+KykjVqDZiBwLQtmwajDWMGph6O1HNKLrqTcmgqw+d2A=="
    }
  }
}
